
Microsoft Visual Studio Solution File, Format Version 12.00
# Visual Studio Version 16
VisualStudioVersion = 16.0.31624.102
MinimumVisualStudioVersion = 10.0.40219.1
Project("{FAE04EC0-301F-11D3-BF4B-00C04F79EFBC}") = "CSharpExample2", "CSharpExample2\CSharpExample2.csproj", "{A6D6255D-94B9-4878-A35D-48AA9BF5FB84}"
EndProject
Global
	GlobalSection(SolutionConfigurationPlatforms) = preSolution
		Debug|Any CPU = Debug|Any CPU
		Release|Any CPU = Release|Any CPU
	EndGlobalSection
	GlobalSection(ProjectConfigurationPlatforms) = postSolution
		{A6D6255D-94B9-4878-A35D-48AA9BF5FB84}.Debug|Any CPU.ActiveCfg = Debug|Any CPU
		{A6D6255D-94B9-4878-A35D-48AA9BF5FB84}.Debug|Any CPU.Build.0 = Debug|Any CPU
		{A6D6255D-94B9-4878-A35D-48AA9BF5FB84}.Release|Any CPU.ActiveCfg = Release|Any CPU
		{A6D6255D-94B9-4878-A35D-48AA9BF5FB84}.Release|Any CPU.Build.0 = Release|Any CPU
	EndGlobalSection
	GlobalSection(SolutionProperties) = preSolution
		HideSolutionNode = FALSE
	EndGlobalSection
	GlobalSection(ExtensibilityGlobals) = postSolution
		SolutionGuid = {20F9DDB2-2778-4280-9D57-A7920712E894}
	EndGlobalSection
EndGlobal
